// !$*UTF8*$!
{
	archiveVersion = 1;
	classes = {
	};
	objectVersion = 56;
	objects = {

/* Begin PBXBuildFile section */
		1E2B50FE2AEFEA62005B1C47 /* LittleLemonApp.swift in Sources */ = {isa = PBXBuildFile; fileRef = 1E2B50FD2AEFEA62005B1C47 /* LittleLemonApp.swift */; };
		1E2B51022AEFEA6F005B1C47 /* Assets.xcassets in Resources */ = {isa = PBXBuildFile; fileRef = 1E2B51012AEFEA6F005B1C47 /* Assets.xcassets */; };
		1E2B51052AEFEA6F005B1C47 /* Preview Assets.xcassets in Resources */ = {isa = PBXBuildFile; fileRef = 1E2B51042AEFEA6F005B1C47 /* Preview Assets.xcassets */; };
		1ECA107C2AF28DEE00527DC7 /* UserData.swift in Sources */ = {isa = PBXBuildFile; fileRef = 1ECA107B2AF28DEE00527DC7 /* UserData.swift */; };
		1ECA107E2AF2979200527DC7 /* MenuItemDetails.swift in Sources */ = {isa = PBXBuildFile; fileRef = 1ECA107D2AF2979200527DC7 /* MenuItemDetails.swift */; };
		1ED3258D2AF129EB007742DC /* Home.swift in Sources */ = {isa = PBXBuildFile; fileRef = 1ED3258C2AF129EB007742DC /* Home.swift */; };
		1ED3258F2AF12A5D007742DC /* Menu.swift in Sources */ = {isa = PBXBuildFile; fileRef = 1ED3258E2AF12A5D007742DC /* Menu.swift */; };
		1ED325912AF1330E007742DC /* UserProfile.swift in Sources */ = {isa = PBXBuildFile; fileRef = 1ED325902AF1330E007742DC /* UserProfile.swift */; };
		1ED325942AF13CA5007742DC /* FetchedObjects.swift in Sources */ = {isa = PBXBuildFile; fileRef = 1ED325922AF13CA5007742DC /* FetchedObjects.swift */; };
		1ED325952AF13CA5007742DC /* Persistence.swift in Sources */ = {isa = PBXBuildFile; fileRef = 1ED325932AF13CA5007742DC /* Persistence.swift */; };
		1ED325972AF13D6E007742DC /* MenuList.swift in Sources */ = {isa = PBXBuildFile; fileRef = 1ED325962AF13D6E007742DC /* MenuList.swift */; };
		1ED325992AF13DAA007742DC /* MenuItem.swift in Sources */ = {isa = PBXBuildFile; fileRef = 1ED325982AF13DAA007742DC /* MenuItem.swift */; };
		1ED3259C2AF142A0007742DC /* ExampleDatabase.xcdatamodeld in Sources */ = {isa = PBXBuildFile; fileRef = 1ED3259A2AF142A0007742DC /* ExampleDatabase.xcdatamodeld */; };
		1ED325AA2AF1787D007742DC /* MarkaziText-VariableFont_wght.ttf in Resources */ = {isa = PBXBuildFile; fileRef = 1ED325A72AF1786B007742DC /* MarkaziText-VariableFont_wght.ttf */; };
		1ED325AC2AF180D9007742DC /* Karla-ExtraBold.ttf in Resources */ = {isa = PBXBuildFile; fileRef = 1ED325AB2AF180D9007742DC /* Karla-ExtraBold.ttf */; };
		1ED325AE2AF18173007742DC /* Karla-Medium.ttf in Resources */ = {isa = PBXBuildFile; fileRef = 1ED325AD2AF18173007742DC /* Karla-Medium.ttf */; };
		1ED325B12AF181F4007742DC /* Karla-Bold.ttf in Resources */ = {isa = PBXBuildFile; fileRef = 1ED325AF2AF181F4007742DC /* Karla-Bold.ttf */; };
		1ED325B22AF181F5007742DC /* Karla-Regular.ttf in Resources */ = {isa = PBXBuildFile; fileRef = 1ED325B02AF181F4007742DC /* Karla-Regular.ttf */; };
		1EEC39222AF03E6D00D335DD /* Onboarding.swift in Sources */ = {isa = PBXBuildFile; fileRef = 1EEC39212AF03E6D00D335DD /* Onboarding.swift */; };
/* End PBXBuildFile section */

/* Begin PBXFileReference section */
		1E2B50FA2AEFEA62005B1C47 /* LittleLemon.app */ = {isa = PBXFileReference; explicitFileType = wrapper.application; includeInIndex = 0; path = LittleLemon.app; sourceTree = BUILT_PRODUCTS_DIR; };
		1E2B50FD2AEFEA62005B1C47 /* LittleLemonApp.swift */ = {isa = PBXFileReference; lastKnownFileType = sourcecode.swift; path = LittleLemonApp.swift; sourceTree = "<group>"; };
		1E2B51012AEFEA6F005B1C47 /* Assets.xcassets */ = {isa = PBXFileReference; lastKnownFileType = folder.assetcatalog; path = Assets.xcassets; sourceTree = "<group>"; };
		1E2B51042AEFEA6F005B1C47 /* Preview Assets.xcassets */ = {isa = PBXFileReference; lastKnownFileType = folder.assetcatalog; path = "Preview Assets.xcassets"; sourceTree = "<group>"; };
		1ECA107B2AF28DEE00527DC7 /* UserData.swift */ = {isa = PBXFileReference; lastKnownFileType = sourcecode.swift; path = UserData.swift; sourceTree = "<group>"; };
		1ECA107D2AF2979200527DC7 /* MenuItemDetails.swift */ = {isa = PBXFileReference; lastKnownFileType = sourcecode.swift; path = MenuItemDetails.swift; sourceTree = "<group>"; };
		1ED3258C2AF129EB007742DC /* Home.swift */ = {isa = PBXFileReference; lastKnownFileType = sourcecode.swift; path = Home.swift; sourceTree = "<group>"; };
		1ED3258E2AF12A5D007742DC /* Menu.swift */ = {isa = PBXFileReference; lastKnownFileType = sourcecode.swift; path = Menu.swift; sourceTree = "<group>"; };
		1ED325902AF1330E007742DC /* UserProfile.swift */ = {isa = PBXFileReference; lastKnownFileType = sourcecode.swift; path = UserProfile.swift; sourceTree = "<group>"; };
		1ED325922AF13CA5007742DC /* FetchedObjects.swift */ = {isa = PBXFileReference; fileEncoding = 4; lastKnownFileType = sourcecode.swift; path = FetchedObjects.swift; sourceTree = "<group>"; };
		1ED325932AF13CA5007742DC /* Persistence.swift */ = {isa = PBXFileReference; fileEncoding = 4; lastKnownFileType = sourcecode.swift; path = Persistence.swift; sourceTree = "<group>"; };
		1ED325962AF13D6E007742DC /* MenuList.swift */ = {isa = PBXFileReference; lastKnownFileType = sourcecode.swift; path = MenuList.swift; sourceTree = "<group>"; };
		1ED325982AF13DAA007742DC /* MenuItem.swift */ = {isa = PBXFileReference; lastKnownFileType = sourcecode.swift; path = MenuItem.swift; sourceTree = "<group>"; };
		1ED3259B2AF142A0007742DC /* ExampleDatabase.xcdatamodel */ = {isa = PBXFileReference; lastKnownFileType = wrapper.xcdatamodel; path = ExampleDatabase.xcdatamodel; sourceTree = "<group>"; };
		1ED325A22AF16606007742DC /* Info.plist */ = {isa = PBXFileReference; lastKnownFileType = text.plist; path = Info.plist; sourceTree = "<group>"; };
		1ED325A72AF1786B007742DC /* MarkaziText-VariableFont_wght.ttf */ = {isa = PBXFileReference; lastKnownFileType = file; path = "MarkaziText-VariableFont_wght.ttf"; sourceTree = "<group>"; };
		1ED325AB2AF180D9007742DC /* Karla-ExtraBold.ttf */ = {isa = PBXFileReference; lastKnownFileType = file; path = "Karla-ExtraBold.ttf"; sourceTree = "<group>"; };
		1ED325AD2AF18173007742DC /* Karla-Medium.ttf */ = {isa = PBXFileReference; lastKnownFileType = file; path = "Karla-Medium.ttf"; sourceTree = "<group>"; };
		1ED325AF2AF181F4007742DC /* Karla-Bold.ttf */ = {isa = PBXFileReference; lastKnownFileType = file; path = "Karla-Bold.ttf"; sourceTree = "<group>"; };
		1ED325B02AF181F4007742DC /* Karla-Regular.ttf */ = {isa = PBXFileReference; lastKnownFileType = file; path = "Karla-Regular.ttf"; sourceTree = "<group>"; };
		1EEC39212AF03E6D00D335DD /* Onboarding.swift */ = {isa = PBXFileReference; lastKnownFileType = sourcecode.swift; path = Onboarding.swift; sourceTree = "<group>"; };
/* End PBXFileReference section */

/* Begin PBXFrameworksBuildPhase section */
		1E2B50F72AEFEA62005B1C47 /* Frameworks */ = {
			isa = PBXFrameworksBuildPhase;
			buildActionMask = 2147483647;
			files = (
			);
			runOnlyForDeploymentPostprocessing = 0;
		};
/* End PBXFrameworksBuildPhase section */

/* Begin PBXGroup section */
		1E2B50F12AEFEA62005B1C47 = {
			isa = PBXGroup;
			children = (
				1E2B50FC2AEFEA62005B1C47 /* LittleLemon */,
				1E2B50FB2AEFEA62005B1C47 /* Products */,
			);
			sourceTree = "<group>";
		};
		1E2B50FB2AEFEA62005B1C47 /* Products */ = {
			isa = PBXGroup;
			children = (
				1E2B50FA2AEFEA62005B1C47 /* LittleLemon.app */,
			);
			name = Products;
			sourceTree = "<group>";
		};
		1E2B50FC2AEFEA62005B1C47 /* LittleLemon */ = {
			isa = PBXGroup;
			children = (
				1ED325A22AF16606007742DC /* Info.plist */,
				1ED3259D2AF165B2007742DC /* Fonts */,
				1E2B51012AEFEA6F005B1C47 /* Assets.xcassets */,
				1ED325892AF128ED007742DC /* Models */,
				1E2B50FD2AEFEA62005B1C47 /* LittleLemonApp.swift */,
				1EEC39212AF03E6D00D335DD /* Onboarding.swift */,
				1ED3258C2AF129EB007742DC /* Home.swift */,
				1ED3258E2AF12A5D007742DC /* Menu.swift */,
				1ECA107D2AF2979200527DC7 /* MenuItemDetails.swift */,
				1ED325902AF1330E007742DC /* UserProfile.swift */,
				1ED325922AF13CA5007742DC /* FetchedObjects.swift */,
				1ED325932AF13CA5007742DC /* Persistence.swift */,
				1ECA107B2AF28DEE00527DC7 /* UserData.swift */,
				1ED3259A2AF142A0007742DC /* ExampleDatabase.xcdatamodeld */,
				1E2B51032AEFEA6F005B1C47 /* Preview Content */,
			);
			path = LittleLemon;
			sourceTree = "<group>";
		};
		1E2B51032AEFEA6F005B1C47 /* Preview Content */ = {
			isa = PBXGroup;
			children = (
				1E2B51042AEFEA6F005B1C47 /* Preview Assets.xcassets */,
			);
			path = "Preview Content";
			sourceTree = "<group>";
		};
		1ED325892AF128ED007742DC /* Models */ = {
			isa = PBXGroup;
			children = (
				1ED325962AF13D6E007742DC /* MenuList.swift */,
				1ED325982AF13DAA007742DC /* MenuItem.swift */,
			);
			path = Models;
			sourceTree = "<group>";
		};
		1ED3259D2AF165B2007742DC /* Fonts */ = {
			isa = PBXGroup;
			children = (
				1ED325A72AF1786B007742DC /* MarkaziText-VariableFont_wght.ttf */,
				1ED325AB2AF180D9007742DC /* Karla-ExtraBold.ttf */,
				1ED325AF2AF181F4007742DC /* Karla-Bold.ttf */,
				1ED325B02AF181F4007742DC /* Karla-Regular.ttf */,
				1ED325AD2AF18173007742DC /* Karla-Medium.ttf */,
			);
			path = Fonts;
			sourceTree = "<group>";
		};
/* End PBXGroup section */

/* Begin PBXNativeTarget section */
		1E2B50F92AEFEA62005B1C47 /* LittleLemon */ = {
			isa = PBXNativeTarget;
			buildConfigurationList = 1E2B51082AEFEA6F005B1C47 /* Build configuration list for PBXNativeTarget "LittleLemon" */;
			buildPhases = (
				1E2B50F62AEFEA62005B1C47 /* Sources */,
				1E2B50F72AEFEA62005B1C47 /* Frameworks */,
				1E2B50F82AEFEA62005B1C47 /* Resources */,
			);
			buildRules = (
			);
			dependencies = (
			);
			name = LittleLemon;
			productName = LittleLemon;
			productReference = 1E2B50FA2AEFEA62005B1C47 /* LittleLemon.app */;
			productType = "com.apple.product-type.application";
		};
/* End PBXNativeTarget section */

/* Begin PBXProject section */
		1E2B50F22AEFEA62005B1C47 /* Project object */ = {
			isa = PBXProject;
			attributes = {
				BuildIndependentTargetsInParallel = 1;
				LastSwiftUpdateCheck = 1430;
				LastUpgradeCheck = 1430;
				TargetAttributes = {
					1E2B50F92AEFEA62005B1C47 = {
						CreatedOnToolsVersion = 14.3.1;
					};
				};
			};
			buildConfigurationList = 1E2B50F52AEFEA62005B1C47 /* Build configuration list for PBXProject "LittleLemon" */;
			compatibilityVersion = "Xcode 14.0";
			developmentRegion = en;
			hasScannedForEncodings = 0;
			knownRegions = (
				en,
				Base,
			);
			mainGroup = 1E2B50F12AEFEA62005B1C47;
			productRefGroup = 1E2B50FB2AEFEA62005B1C47 /* Products */;
			projectDirPath = "";
			projectRoot = "";
			targets = (
				1E2B50F92AEFEA62005B1C47 /* LittleLemon */,
			);
		};
/* End PBXProject section */

/* Begin PBXResourcesBuildPhase section */
		1E2B50F82AEFEA62005B1C47 /* Resources */ = {
			isa = PBXResourcesBuildPhase;
			buildActionMask = 2147483647;
			files = (
				1ED325AA2AF1787D007742DC /* MarkaziText-VariableFont_wght.ttf in Resources */,
				1ED325AE2AF18173007742DC /* Karla-Medium.ttf in Resources */,
				1ED325B12AF181F4007742DC /* Karla-Bold.ttf in Resources */,
				1E2B51052AEFEA6F005B1C47 /* Preview Assets.xcassets in Resources */,
				1E2B51022AEFEA6F005B1C47 /* Assets.xcassets in Resources */,
				1ED325AC2AF180D9007742DC /* Karla-ExtraBold.ttf in Resources */,
				1ED325B22AF181F5007742DC /* Karla-Regular.ttf in Resources */,
			);
			runOnlyForDeploymentPostprocessing = 0;
		};
/* End PBXResourcesBuildPhase section */

/* Begin PBXSourcesBuildPhase section */
		1E2B50F62AEFEA62005B1C47 /* Sources */ = {
			isa = PBXSourcesBuildPhase;
			buildActionMask = 2147483647;
			files = (
				1ED325952AF13CA5007742DC /* Persistence.swift in Sources */,
				1EEC39222AF03E6D00D335DD /* Onboarding.swift in Sources */,
				1ED325972AF13D6E007742DC /* MenuList.swift in Sources */,
				1ED325912AF1330E007742DC /* UserProfile.swift in Sources */,
				1ED3258D2AF129EB007742DC /* Home.swift in Sources */,
				1ECA107C2AF28DEE00527DC7 /* UserData.swift in Sources */,
				1ED3259C2AF142A0007742DC /* ExampleDatabase.xcdatamodeld in Sources */,
				1E2B50FE2AEFEA62005B1C47 /* LittleLemonApp.swift in Sources */,
				1ED325992AF13DAA007742DC /* MenuItem.swift in Sources */,
				1ED325942AF13CA5007742DC /* FetchedObjects.swift in Sources */,
				1ECA107E2AF2979200527DC7 /* MenuItemDetails.swift in Sources */,
				1ED3258F2AF12A5D007742DC /* Menu.swift in Sources */,
			);
			runOnlyForDeploymentPostprocessing = 0;
		};
/* End PBXSourcesBuildPhase section */

/* Begin XCBuildConfiguration section */
		1E2B51062AEFEA6F005B1C47 /* Debug */ = {
			isa = XCBuildConfiguration;
			buildSettings = {
				ALWAYS_SEARCH_USER_PATHS = NO;
				CLANG_ANALYZER_NONNULL = YES;
				CLANG_ANALYZER_NUMBER_OBJECT_CONVERSION = YES_AGGRESSIVE;
				CLANG_CXX_LANGUAGE_STANDARD = "gnu++20";
				CLANG_ENABLE_MODULES = YES;
				CLANG_ENABLE_OBJC_ARC = YES;
				CLANG_ENABLE_OBJC_WEAK = YES;
				CLANG_WARN_BLOCK_CAPTURE_AUTORELEASING = YES;
				CLANG_WARN_BOOL_CONVERSION = YES;
				CLANG_WARN_COMMA = YES;
				CLANG_WARN_CONSTANT_CONVERSION = YES;
				CLANG_WARN_DEPRECATED_OBJC_IMPLEMENTATIONS = YES;
				CLANG_WARN_DIRECT_OBJC_ISA_USAGE = YES_ERROR;
				CLANG_WARN_DOCUMENTATION_COMMENTS = YES;
				CLANG_WARN_EMPTY_BODY = YES;
				CLANG_WARN_ENUM_CONVERSION = YES;
				CLANG_WARN_INFINITE_RECURSION = YES;
				CLANG_WARN_INT_CONVERSION = YES;
				CLANG_WARN_NON_LITERAL_NULL_CONVERSION = YES;
				CLANG_WARN_OBJC_IMPLICIT_RETAIN_SELF = YES;
				CLANG_WARN_OBJC_LITERAL_CONVERSION = YES;
				CLANG_WARN_OBJC_ROOT_CLASS = YES_ERROR;
				CLANG_WARN_QUOTED_INCLUDE_IN_FRAMEWORK_HEADER = YES;
				CLANG_WARN_RANGE_LOOP_ANALYSIS = YES;
				CLANG_WARN_STRICT_PROTOTYPES = YES;
				CLANG_WARN_SUSPICIOUS_MOVE = YES;
				CLANG_WARN_UNGUARDED_AVAILABILITY = YES_AGGRESSIVE;
				CLANG_WARN_UNREACHABLE_CODE = YES;
				CLANG_WARN__DUPLICATE_METHOD_MATCH = YES;
				COPY_PHASE_STRIP = NO;
				DEBUG_INFORMATION_FORMAT = dwarf;
				ENABLE_STRICT_OBJC_MSGSEND = YES;
				ENABLE_TESTABILITY = YES;
				GCC_C_LANGUAGE_STANDARD = gnu11;
				GCC_DYNAMIC_NO_PIC = NO;
				GCC_NO_COMMON_BLOCKS = YES;
				GCC_OPTIMIZATION_LEVEL = 0;
				GCC_PREPROCESSOR_DEFINITIONS = (
					"DEBUG=1",
					"$(inherited)",
				);
				GCC_WARN_64_TO_32_BIT_CONVERSION = YES;
				GCC_WARN_ABOUT_RETURN_TYPE = YES_ERROR;
				GCC_WARN_UNDECLARED_SELECTOR = YES;
				GCC_WARN_UNINITIALIZED_AUTOS = YES_AGGRESSIVE;
				GCC_WARN_UNUSED_FUNCTION = YES;
				GCC_WARN_UNUSED_VARIABLE = YES;
				IPHONEOS_DEPLOYMENT_TARGET = 16.4;
				MTL_ENABLE_DEBUG_INFO = INCLUDE_SOURCE;
				MTL_FAST_MATH = YES;
				ONLY_ACTIVE_ARCH = YES;
				SDKROOT = iphoneos;
				SWIFT_ACTIVE_COMPILATION_CONDITIONS = DEBUG;
				SWIFT_OPTIMIZATION_LEVEL = "-Onone";
			};
			name = Debug;
		};
		1E2B51072AEFEA6F005B1C47 /* Release */ = {
			isa = XCBuildConfiguration;
			buildSettings = {
				ALWAYS_SEARCH_USER_PATHS = NO;
				CLANG_ANALYZER_NONNULL = YES;
				CLANG_ANALYZER_NUMBER_OBJECT_CONVERSION = YES_AGGRESSIVE;
				CLANG_CXX_LANGUAGE_STANDARD = "gnu++20";
				CLANG_ENABLE_MODULES = YES;
				CLANG_ENABLE_OBJC_ARC = YES;
				CLANG_ENABLE_OBJC_WEAK = YES;
				CLANG_WARN_BLOCK_CAPTURE_AUTORELEASING = YES;
				CLANG_WARN_BOOL_CONVERSION = YES;
				CLANG_WARN_COMMA = YES;
				CLANG_WARN_CONSTANT_CONVERSION = YES;
				CLANG_WARN_DEPRECATED_OBJC_IMPLEMENTATIONS = YES;
				CLANG_WARN_DIRECT_OBJC_ISA_USAGE = YES_ERROR;
				CLANG_WARN_DOCUMENTATION_COMMENTS = YES;
				CLANG_WARN_EMPTY_BODY = YES;
				CLANG_WARN_ENUM_CONVERSION = YES;
				CLANG_WARN_INFINITE_RECURSION = YES;
				CLANG_WARN_INT_CONVERSION = YES;
				CLANG_WARN_NON_LITERAL_NULL_CONVERSION = YES;
				CLANG_WARN_OBJC_IMPLICIT_RETAIN_SELF = YES;
				CLANG_WARN_OBJC_LITERAL_CONVERSION = YES;
				CLANG_WARN_OBJC_ROOT_CLASS = YES_ERROR;
				CLANG_WARN_QUOTED_INCLUDE_IN_FRAMEWORK_HEADER = YES;
				CLANG_WARN_RANGE_LOOP_ANALYSIS = YES;
				CLANG_WARN_STRICT_PROTOTYPES = YES;
				CLANG_WARN_SUSPICIOUS_MOVE = YES;
				CLANG_WARN_UNGUARDED_AVAILABILITY = YES_AGGRESSIVE;
				CLANG_WARN_UNREACHABLE_CODE = YES;
				CLANG_WARN__DUPLICATE_METHOD_MATCH = YES;
				COPY_PHASE_STRIP = NO;
				DEBUG_INFORMATION_FORMAT = "dwarf-with-dsym";
				ENABLE_NS_ASSERTIONS = NO;
				ENABLE_STRICT_OBJC_MSGSEND = YES;
				GCC_C_LANGUAGE_STANDARD = gnu11;
				GCC_NO_COMMON_BLOCKS = YES;
				GCC_WARN_64_TO_32_BIT_CONVERSION = YES;
				GCC_WARN_ABOUT_RETURN_TYPE = YES_ERROR;
				GCC_WARN_UNDECLARED_SELECTOR = YES;
				GCC_WARN_UNINITIALIZED_AUTOS = YES_AGGRESSIVE;
				GCC_WARN_UNUSED_FUNCTION = YES;
				GCC_WARN_UNUSED_VARIABLE = YES;
				IPHONEOS_DEPLOYMENT_TARGET = 16.4;
				MTL_ENABLE_DEBUG_INFO = NO;
				MTL_FAST_MATH = YES;
				SDKROOT = iphoneos;
				SWIFT_COMPILATION_MODE = wholemodule;
				SWIFT_OPTIMIZATION_LEVEL = "-O";
				VALIDATE_PRODUCT = YES;
			};
			name = Release;
		};
		1E2B51092AEFEA6F005B1C47 /* Debug */ = {
			isa = XCBuildConfiguration;
			buildSettings = {
				ASSETCATALOG_COMPILER_APPICON_NAME = AppIcon;
				ASSETCATALOG_COMPILER_GLOBAL_ACCENT_COLOR_NAME = AccentColor;
				CODE_SIGN_STYLE = Automatic;
				CURRENT_PROJECT_VERSION = 1;
				DEVELOPMENT_ASSET_PATHS = "\"LittleLemon/Preview Content\"";
				ENABLE_PREVIEWS = YES;
				GENERATE_INFOPLIST_FILE = YES;
				INFOPLIST_FILE = LittleLemon/Info.plist;
				INFOPLIST_KEY_UIApplicationSceneManifest_Generation = YES;
				INFOPLIST_KEY_UIApplicationSupportsIndirectInputEvents = YES;
				INFOPLIST_KEY_UILaunchScreen_Generation = YES;
				INFOPLIST_KEY_UISupportedInterfaceOrientations_iPad = "UIInterfaceOrientationPortrait UIInterfaceOrientationPortraitUpsideDown UIInterfaceOrientationLandscapeLeft UIInterfaceOrientationLandscapeRight";
				INFOPLIST_KEY_UISupportedInterfaceOrientations_iPhone = "UIInterfaceOrientationPortrait UIInterfaceOrientationLandscapeLeft UIInterfaceOrientationLandscapeRight";
				LD_RUNPATH_SEARCH_PATHS = (
					"$(inherited)",
					"@executable_path/Frameworks",
				);
				MARKETING_VERSION = 1.0;
				PRODUCT_BUNDLE_IDENTIFIER = com.preetikancharla.LittleLemon;
				PRODUCT_NAME = "$(TARGET_NAME)";
				SWIFT_EMIT_LOC_STRINGS = YES;
				SWIFT_VERSION = 5.0;
				TARGETED_DEVICE_FAMILY = "1,2";
			};
			name = Debug;
		};
		1E2B510A2AEFEA6F005B1C47 /* Release */ = {
			isa = XCBuildConfiguration;
			buildSettings = {
				ASSETCATALOG_COMPILER_APPICON_NAME = AppIcon;
				ASSETCATALOG_COMPILER_GLOBAL_ACCENT_COLOR_NAME = AccentColor;
				CODE_SIGN_STYLE = Automatic;
				CURRENT_PROJECT_VERSION = 1;
				DEVELOPMENT_ASSET_PATHS = "\"LittleLemon/Preview Content\"";
				ENABLE_PREVIEWS = YES;
				GENERATE_INFOPLIST_FILE = YES;
				INFOPLIST_FILE = LittleLemon/Info.plist;
				INFOPLIST_KEY_UIApplicationSceneManifest_Generation = YES;
				INFOPLIST_KEY_UIApplicationSupportsIndirectInputEvents = YES;
				INFOPLIST_KEY_UILaunchScreen_Generation = YES;
				INFOPLIST_KEY_UISupportedInterfaceOrientations_iPad = "UIInterfaceOrientationPortrait UIInterfaceOrientationPortraitUpsideDown UIInterfaceOrientationLandscapeLeft UIInterfaceOrientationLandscapeRight";
				INFOPLIST_KEY_UISupportedInterfaceOrientations_iPhone = "UIInterfaceOrientationPortrait UIInterfaceOrientationLandscapeLeft UIInterfaceOrientationLandscapeRight";
				LD_RUNPATH_SEARCH_PATHS = (
					"$(inherited)",
					"@executable_path/Frameworks",
				);
				MARKETING_VERSION = 1.0;
				PRODUCT_BUNDLE_IDENTIFIER = com.preetikancharla.LittleLemon;
				PRODUCT_NAME = "$(TARGET_NAME)";
				SWIFT_EMIT_LOC_STRINGS = YES;
				SWIFT_VERSION = 5.0;
				TARGETED_DEVICE_FAMILY = "1,2";
			};
			name = Release;
		};
/* End XCBuildConfiguration section */

/* Begin XCConfigurationList section */
		1E2B50F52AEFEA62005B1C47 /* Build configuration list for PBXProject "LittleLemon" */ = {
			isa = XCConfigurationList;
			buildConfigurations = (
				1E2B51062AEFEA6F005B1C47 /* Debug */,
				1E2B51072AEFEA6F005B1C47 /* Release */,
			);
			defaultConfigurationIsVisible = 0;
			defaultConfigurationName = Release;
		};
		1E2B51082AEFEA6F005B1C47 /* Build configuration list for PBXNativeTarget "LittleLemon" */ = {
			isa = XCConfigurationList;
			buildConfigurations = (
				1E2B51092AEFEA6F005B1C47 /* Debug */,
				1E2B510A2AEFEA6F005B1C47 /* Release */,
			);
			defaultConfigurationIsVisible = 0;
			defaultConfigurationName = Release;
		};
/* End XCConfigurationList section */

/* Begin XCVersionGroup section */
		1ED3259A2AF142A0007742DC /* ExampleDatabase.xcdatamodeld */ = {
			isa = XCVersionGroup;
			children = (
				1ED3259B2AF142A0007742DC /* ExampleDatabase.xcdatamodel */,
			);
			currentVersion = 1ED3259B2AF142A0007742DC /* ExampleDatabase.xcdatamodel */;
			path = ExampleDatabase.xcdatamodeld;
			sourceTree = "<group>";
			versionGroupType = wrapper.xcdatamodel;
		};
/* End XCVersionGroup section */
	};
	rootObject = 1E2B50F22AEFEA62005B1C47 /* Project object */;
}
